
Microsoft Visual Studio Solution File, Format Version 12.00
# Visual Studio Version 16
VisualStudioVersion = 16.0.29521.150
MinimumVisualStudioVersion = 10.0.40219.1
Project("{FAE04EC0-301F-11D3-BF4B-00C04F79EFBC}") = "UdviklerTest", "UdviklerTest\UdviklerTest.csproj", "{2BEC1C2D-CB0E-4571-973F-115C9760979D}"
EndProject
Global
	GlobalSection(SolutionConfigurationPlatforms) = preSolution
		Debug|Any CPU = Debug|Any CPU
		Release|Any CPU = Release|Any CPU
	EndGlobalSection
	GlobalSection(ProjectConfigurationPlatforms) = postSolution
		{2BEC1C2D-CB0E-4571-973F-115C9760979D}.Debug|Any CPU.ActiveCfg = Debug|Any CPU
		{2BEC1C2D-CB0E-4571-973F-115C9760979D}.Debug|Any CPU.Build.0 = Debug|Any CPU
		{2BEC1C2D-CB0E-4571-973F-115C9760979D}.Release|Any CPU.ActiveCfg = Release|Any CPU
		{2BEC1C2D-CB0E-4571-973F-115C9760979D}.Release|Any CPU.Build.0 = Release|Any CPU
	EndGlobalSection
	GlobalSection(SolutionProperties) = preSolution
		HideSolutionNode = FALSE
	EndGlobalSection
	GlobalSection(ExtensibilityGlobals) = postSolution
		SolutionGuid = {7828344C-2243-4EDF-A69E-FD9F3980AF3F}
	EndGlobalSection
EndGlobal
